
Microsoft Visual Studio Solution File, Format Version 12.00
# Visual Studio 15
VisualStudioVersion = 15.0.27004.2002
MinimumVisualStudioVersion = 10.0.40219.1
Project("{FAE04EC0-301F-11D3-BF4B-00C04F79EFBC}") = "Bot", "Bot\Bot.csproj", "{86AB06E7-129D-4506-9A94-4F6870BABC0D}"
EndProject
Project("{FAE04EC0-301F-11D3-BF4B-00C04F79EFBC}") = "DataModels", "DataModels\DataModels.csproj", "{4A2309CC-595E-4D54-BCC9-354846120058}"
EndProject
Project("{FAE04EC0-301F-11D3-BF4B-00C04F79EFBC}") = "DataManagement", "DataManagement\DataManagement.csproj", "{A884809D-8571-4884-B825-345633AA3CBC}"
EndProject
Global
	GlobalSection(SolutionConfigurationPlatforms) = preSolution
		Debug|Any CPU = Debug|Any CPU
		Release|Any CPU = Release|Any CPU
	EndGlobalSection
	GlobalSection(ProjectConfigurationPlatforms) = postSolution
		{86AB06E7-129D-4506-9A94-4F6870BABC0D}.Debug|Any CPU.ActiveCfg = Debug|Any CPU
		{86AB06E7-129D-4506-9A94-4F6870BABC0D}.Debug|Any CPU.Build.0 = Debug|Any CPU
		{86AB06E7-129D-4506-9A94-4F6870BABC0D}.Release|Any CPU.ActiveCfg = Release|Any CPU
		{86AB06E7-129D-4506-9A94-4F6870BABC0D}.Release|Any CPU.Build.0 = Release|Any CPU
		{4A2309CC-595E-4D54-BCC9-354846120058}.Debug|Any CPU.ActiveCfg = Debug|Any CPU
		{4A2309CC-595E-4D54-BCC9-354846120058}.Debug|Any CPU.Build.0 = Debug|Any CPU
		{4A2309CC-595E-4D54-BCC9-354846120058}.Release|Any CPU.ActiveCfg = Release|Any CPU
		{4A2309CC-595E-4D54-BCC9-354846120058}.Release|Any CPU.Build.0 = Release|Any CPU
		{A884809D-8571-4884-B825-345633AA3CBC}.Debug|Any CPU.ActiveCfg = Debug|Any CPU
		{A884809D-8571-4884-B825-345633AA3CBC}.Debug|Any CPU.Build.0 = Debug|Any CPU
		{A884809D-8571-4884-B825-345633AA3CBC}.Release|Any CPU.ActiveCfg = Release|Any CPU
		{A884809D-8571-4884-B825-345633AA3CBC}.Release|Any CPU.Build.0 = Release|Any CPU
	EndGlobalSection
	GlobalSection(SolutionProperties) = preSolution
		HideSolutionNode = FALSE
	EndGlobalSection
	GlobalSection(ExtensibilityGlobals) = postSolution
		SolutionGuid = {E66B863C-EA01-4A07-A30C-7991BA9C89E8}
	EndGlobalSection
EndGlobal
